
Microsoft Visual Studio Solution File, Format Version 12.00
Project("{FAE04EC0-301F-11D3-BF4B-00C04F79EFBC}") = "HeaderForwarder", "HeaderForwarder\HeaderForwarder.csproj", "{7FE06619-AA31-4D1F-8DEE-4A611C10A2FE}"
EndProject
Global
	GlobalSection(SolutionConfigurationPlatforms) = preSolution
		Debug|Any CPU = Debug|Any CPU
		Release|Any CPU = Release|Any CPU
	EndGlobalSection
	GlobalSection(ProjectConfigurationPlatforms) = postSolution
		{7FE06619-AA31-4D1F-8DEE-4A611C10A2FE}.Debug|Any CPU.ActiveCfg = Debug|Any CPU
		{7FE06619-AA31-4D1F-8DEE-4A611C10A2FE}.Debug|Any CPU.Build.0 = Debug|Any CPU
		{7FE06619-AA31-4D1F-8DEE-4A611C10A2FE}.Release|Any CPU.ActiveCfg = Release|Any CPU
		{7FE06619-AA31-4D1F-8DEE-4A611C10A2FE}.Release|Any CPU.Build.0 = Release|Any CPU
	EndGlobalSection
EndGlobal
